
Microsoft Visual Studio Solution File, Format Version 12.00
# Visual Studio 14
VisualStudioVersion = 14.0.23107.0
MinimumVisualStudioVersion = 10.0.40219.1
Project("{FAE04EC0-301F-11D3-BF4B-00C04F79EFBC}") = "BasicSecurityProject", "BasicSecurityProject\BasicSecurityProject.csproj", "{A5547542-76FD-40C3-9D12-C0DE43353D4F}"
EndProject
Project("{FAE04EC0-301F-11D3-BF4B-00C04F79EFBC}") = "BasicSecurityProject.Tests", "BasicSecurityProject.Tests\BasicSecurityProject.Tests.csproj", "{0074FF37-4B53-49FB-8C28-7AE78DF6CB15}"
EndProject
Global
	GlobalSection(SolutionConfigurationPlatforms) = preSolution
		Debug|Any CPU = Debug|Any CPU
		Release|Any CPU = Release|Any CPU
	EndGlobalSection
	GlobalSection(ProjectConfigurationPlatforms) = postSolution
		{A5547542-76FD-40C3-9D12-C0DE43353D4F}.Debug|Any CPU.ActiveCfg = Debug|Any CPU
		{A5547542-76FD-40C3-9D12-C0DE43353D4F}.Debug|Any CPU.Build.0 = Debug|Any CPU
		{A5547542-76FD-40C3-9D12-C0DE43353D4F}.Release|Any CPU.ActiveCfg = Release|Any CPU
		{A5547542-76FD-40C3-9D12-C0DE43353D4F}.Release|Any CPU.Build.0 = Release|Any CPU
		{0074FF37-4B53-49FB-8C28-7AE78DF6CB15}.Debug|Any CPU.ActiveCfg = Debug|Any CPU
		{0074FF37-4B53-49FB-8C28-7AE78DF6CB15}.Debug|Any CPU.Build.0 = Debug|Any CPU
		{0074FF37-4B53-49FB-8C28-7AE78DF6CB15}.Release|Any CPU.ActiveCfg = Release|Any CPU
		{0074FF37-4B53-49FB-8C28-7AE78DF6CB15}.Release|Any CPU.Build.0 = Release|Any CPU
	EndGlobalSection
	GlobalSection(SolutionProperties) = preSolution
		HideSolutionNode = FALSE
	EndGlobalSection
EndGlobal
